
Microsoft Visual Studio Solution File, Format Version 12.00
# Visual Studio 15
VisualStudioVersion = 15.0.28307.136
MinimumVisualStudioVersion = 10.0.40219.1
Project("{FAE04EC0-301F-11D3-BF4B-00C04F79EFBC}") = "Base64Encoding", "Base64Encoding\Base64Encoding.csproj", "{00027FE0-123B-4C73-ABFA-C6B52A809B0D}"
EndProject
Global
	GlobalSection(SolutionConfigurationPlatforms) = preSolution
		Debug|Any CPU = Debug|Any CPU
		Release|Any CPU = Release|Any CPU
	EndGlobalSection
	GlobalSection(ProjectConfigurationPlatforms) = postSolution
		{00027FE0-123B-4C73-ABFA-C6B52A809B0D}.Debug|Any CPU.ActiveCfg = Debug|Any CPU
		{00027FE0-123B-4C73-ABFA-C6B52A809B0D}.Debug|Any CPU.Build.0 = Debug|Any CPU
		{00027FE0-123B-4C73-ABFA-C6B52A809B0D}.Release|Any CPU.ActiveCfg = Release|Any CPU
		{00027FE0-123B-4C73-ABFA-C6B52A809B0D}.Release|Any CPU.Build.0 = Release|Any CPU
	EndGlobalSection
	GlobalSection(SolutionProperties) = preSolution
		HideSolutionNode = FALSE
	EndGlobalSection
	GlobalSection(ExtensibilityGlobals) = postSolution
		SolutionGuid = {C2841B49-0BDA-412D-B4FF-817907079C45}
	EndGlobalSection
EndGlobal
